// !$*UTF8*$!
{
	archiveVersion = 1;
	classes = {
	};
	objectVersion = 46;
	objects = {

/* Begin PBXBuildFile section */
		14AEA020197D5DA30011CF4D /* Foundation.framework in Frameworks */ = {isa = PBXBuildFile; fileRef = 14AEA01F197D5DA30011CF4D /* Foundation.framework */; };
		14AEA022197D5DA30011CF4D /* CoreGraphics.framework in Frameworks */ = {isa = PBXBuildFile; fileRef = 14AEA021197D5DA30011CF4D /* CoreGraphics.framework */; };
		14AEA024197D5DA30011CF4D /* UIKit.framework in Frameworks */ = {isa = PBXBuildFile; fileRef = 14AEA023197D5DA30011CF4D /* UIKit.framework */; };
		14AEA02A197D5DA30011CF4D /* InfoPlist.strings in Resources */ = {isa = PBXBuildFile; fileRef = 14AEA028197D5DA30011CF4D /* InfoPlist.strings */; };
		14AEA02C197D5DA30011CF4D /* main.m in Sources */ = {isa = PBXBuildFile; fileRef = 14AEA02B197D5DA30011CF4D /* main.m */; };
		14AEA030197D5DA30011CF4D /* OONCAppDelegate.m in Sources */ = {isa = PBXBuildFile; fileRef = 14AEA02F197D5DA30011CF4D /* OONCAppDelegate.m */; };
		14AEA033197D5DA30011CF4D /* Main.storyboard in Resources */ = {isa = PBXBuildFile; fileRef = 14AEA031197D5DA30011CF4D /* Main.storyboard */; };
		14AEA036197D5DA30011CF4D /* OONCViewController.m in Sources */ = {isa = PBXBuildFile; fileRef = 14AEA035197D5DA30011CF4D /* OONCViewController.m */; };
		14AEA038197D5DA30011CF4D /* Images.xcassets in Resources */ = {isa = PBXBuildFile; fileRef = 14AEA037197D5DA30011CF4D /* Images.xcassets */; };
		14AEA03F197D5DA30011CF4D /* XCTest.framework in Frameworks */ = {isa = PBXBuildFile; fileRef = 14AEA03E197D5DA30011CF4D /* XCTest.framework */; };
		14AEA040197D5DA30011CF4D /* Foundation.framework in Frameworks */ = {isa = PBXBuildFile; fileRef = 14AEA01F197D5DA30011CF4D /* Foundation.framework */; };
		14AEA041197D5DA30011CF4D /* UIKit.framework in Frameworks */ = {isa = PBXBuildFile; fileRef = 14AEA023197D5DA30011CF4D /* UIKit.framework */; };
		14AEA049197D5DA30011CF4D /* InfoPlist.strings in Resources */ = {isa = PBXBuildFile; fileRef = 14AEA047197D5DA30011CF4D /* InfoPlist.strings */; };
		14AEA04B197D5DA30011CF4D /* OONavCtrlTests.m in Sources */ = {isa = PBXBuildFile; fileRef = 14AEA04A197D5DA30011CF4D /* OONavCtrlTests.m */; };
		14AEA056197D5E250011CF4D /* OONCCompany.m in Sources */ = {isa = PBXBuildFile; fileRef = 14AEA055197D5E250011CF4D /* OONCCompany.m */; };
		14AEA059197D5E460011CF4D /* OONCProduct.m in Sources */ = {isa = PBXBuildFile; fileRef = 14AEA058197D5E460011CF4D /* OONCProduct.m */; };
		14AEA05C197D850D0011CF4D /* OONCDAO.m in Sources */ = {isa = PBXBuildFile; fileRef = 14AEA05B197D850D0011CF4D /* OONCDAO.m */; };
/* End PBXBuildFile section */

/* Begin PBXContainerItemProxy section */
		14AEA042197D5DA30011CF4D /* PBXContainerItemProxy */ = {
			isa = PBXContainerItemProxy;
			containerPortal = 14AEA014197D5DA30011CF4D /* Project object */;
			proxyType = 1;
			remoteGlobalIDString = 14AEA01B197D5DA30011CF4D;
			remoteInfo = OONavCtrl;
		};
/* End PBXContainerItemProxy section */

/* Begin PBXFileReference section */
		14AEA01C197D5DA30011CF4D /* OONavCtrl.app */ = {isa = PBXFileReference; explicitFileType = wrapper.application; includeInIndex = 0; path = OONavCtrl.app; sourceTree = BUILT_PRODUCTS_DIR; };
		14AEA01F197D5DA30011CF4D /* Foundation.framework */ = {isa = PBXFileReference; lastKnownFileType = wrapper.framework; name = Foundation.framework; path = System/Library/Frameworks/Foundation.framework; sourceTree = SDKROOT; };
		14AEA021197D5DA30011CF4D /* CoreGraphics.framework */ = {isa = PBXFileReference; lastKnownFileType = wrapper.framework; name = CoreGraphics.framework; path = System/Library/Frameworks/CoreGraphics.framework; sourceTree = SDKROOT; };
		14AEA023197D5DA30011CF4D /* UIKit.framework */ = {isa = PBXFileReference; lastKnownFileType = wrapper.framework; name = UIKit.framework; path = System/Library/Frameworks/UIKit.framework; sourceTree = SDKROOT; };
		14AEA027197D5DA30011CF4D /* OONavCtrl-Info.plist */ = {isa = PBXFileReference; lastKnownFileType = text.plist.xml; path = "OONavCtrl-Info.plist"; sourceTree = "<group>"; };
		14AEA029197D5DA30011CF4D /* en */ = {isa = PBXFileReference; lastKnownFileType = text.plist.strings; name = en; path = en.lproj/InfoPlist.strings; sourceTree = "<group>"; };
		14AEA02B197D5DA30011CF4D /* main.m */ = {isa = PBXFileReference; lastKnownFileType = sourcecode.c.objc; path = main.m; sourceTree = "<group>"; };
		14AEA02D197D5DA30011CF4D /* OONavCtrl-Prefix.pch */ = {isa = PBXFileReference; lastKnownFileType = sourcecode.c.h; path = "OONavCtrl-Prefix.pch"; sourceTree = "<group>"; };
		14AEA02E197D5DA30011CF4D /* OONCAppDelegate.h */ = {isa = PBXFileReference; lastKnownFileType = sourcecode.c.h; path = OONCAppDelegate.h; sourceTree = "<group>"; };
		14AEA02F197D5DA30011CF4D /* OONCAppDelegate.m */ = {isa = PBXFileReference; lastKnownFileType = sourcecode.c.objc; path = OONCAppDelegate.m; sourceTree = "<group>"; };
		14AEA032197D5DA30011CF4D /* Base */ = {isa = PBXFileReference; lastKnownFileType = file.storyboard; name = Base; path = Base.lproj/Main.storyboard; sourceTree = "<group>"; };
		14AEA034197D5DA30011CF4D /* OONCViewController.h */ = {isa = PBXFileReference; lastKnownFileType = sourcecode.c.h; path = OONCViewController.h; sourceTree = "<group>"; };
		14AEA035197D5DA30011CF4D /* OONCViewController.m */ = {isa = PBXFileReference; lastKnownFileType = sourcecode.c.objc; path = OONCViewController.m; sourceTree = "<group>"; };
		14AEA037197D5DA30011CF4D /* Images.xcassets */ = {isa = PBXFileReference; lastKnownFileType = folder.assetcatalog; path = Images.xcassets; sourceTree = "<group>"; };
		14AEA03D197D5DA30011CF4D /* OONavCtrlTests.xctest */ = {isa = PBXFileReference; explicitFileType = wrapper.cfbundle; includeInIndex = 0; path = OONavCtrlTests.xctest; sourceTree = BUILT_PRODUCTS_DIR; };
		14AEA03E197D5DA30011CF4D /* XCTest.framework */ = {isa = PBXFileReference; lastKnownFileType = wrapper.framework; name = XCTest.framework; path = Library/Frameworks/XCTest.framework; sourceTree = DEVELOPER_DIR; };
		14AEA046197D5DA30011CF4D /* OONavCtrlTests-Info.plist */ = {isa = PBXFileReference; lastKnownFileType = text.plist.xml; path = "OONavCtrlTests-Info.plist"; sourceTree = "<group>"; };
		14AEA048197D5DA30011CF4D /* en */ = {isa = PBXFileReference; lastKnownFileType = text.plist.strings; name = en; path = en.lproj/InfoPlist.strings; sourceTree = "<group>"; };
		14AEA04A197D5DA30011CF4D /* OONavCtrlTests.m */ = {isa = PBXFileReference; lastKnownFileType = sourcecode.c.objc; path = OONavCtrlTests.m; sourceTree = "<group>"; };
		14AEA054197D5E250011CF4D /* OONCCompany.h */ = {isa = PBXFileReference; fileEncoding = 4; lastKnownFileType = sourcecode.c.h; path = OONCCompany.h; sourceTree = "<group>"; };
		14AEA055197D5E250011CF4D /* OONCCompany.m */ = {isa = PBXFileReference; fileEncoding = 4; lastKnownFileType = sourcecode.c.objc; path = OONCCompany.m; sourceTree = "<group>"; };
		14AEA057197D5E460011CF4D /* OONCProduct.h */ = {isa = PBXFileReference; fileEncoding = 4; lastKnownFileType = sourcecode.c.h; path = OONCProduct.h; sourceTree = "<group>"; };
		14AEA058197D5E460011CF4D /* OONCProduct.m */ = {isa = PBXFileReference; fileEncoding = 4; lastKnownFileType = sourcecode.c.objc; path = OONCProduct.m; sourceTree = "<group>"; };
		14AEA05A197D850C0011CF4D /* OONCDAO.h */ = {isa = PBXFileReference; fileEncoding = 4; lastKnownFileType = sourcecode.c.h; path = OONCDAO.h; sourceTree = "<group>"; };
		14AEA05B197D850D0011CF4D /* OONCDAO.m */ = {isa = PBXFileReference; fileEncoding = 4; lastKnownFileType = sourcecode.c.objc; path = OONCDAO.m; sourceTree = "<group>"; };
/* End PBXFileReference section */

/* Begin PBXFrameworksBuildPhase section */
		14AEA019197D5DA30011CF4D /* Frameworks */ = {
			isa = PBXFrameworksBuildPhase;
			buildActionMask = 2147483647;
			files = (
				14AEA022197D5DA30011CF4D /* CoreGraphics.framework in Frameworks */,
				14AEA024197D5DA30011CF4D /* UIKit.framework in Frameworks */,
				14AEA020197D5DA30011CF4D /* Foundation.framework in Frameworks */,
			);
			runOnlyForDeploymentPostprocessing = 0;
		};
		14AEA03A197D5DA30011CF4D /* Frameworks */ = {
			isa = PBXFrameworksBuildPhase;
			buildActionMask = 2147483647;
			files = (
				14AEA03F197D5DA30011CF4D /* XCTest.framework in Frameworks */,
				14AEA041197D5DA30011CF4D /* UIKit.framework in Frameworks */,
				14AEA040197D5DA30011CF4D /* Foundation.framework in Frameworks */,
			);
			runOnlyForDeploymentPostprocessing = 0;
		};
/* End PBXFrameworksBuildPhase section */

/* Begin PBXGroup section */
		14AEA013197D5DA30011CF4D = {
			isa = PBXGroup;
			children = (
				14AEA057197D5E460011CF4D /* OONCProduct.h */,
				14AEA058197D5E460011CF4D /* OONCProduct.m */,
				14AEA054197D5E250011CF4D /* OONCCompany.h */,
				14AEA05A197D850C0011CF4D /* OONCDAO.h */,
				14AEA05B197D850D0011CF4D /* OONCDAO.m */,
				14AEA055197D5E250011CF4D /* OONCCompany.m */,
				14AEA025197D5DA30011CF4D /* OONavCtrl */,
				14AEA044197D5DA30011CF4D /* OONavCtrlTests */,
				14AEA01E197D5DA30011CF4D /* Frameworks */,
				14AEA01D197D5DA30011CF4D /* Products */,
			);
			sourceTree = "<group>";
		};
		14AEA01D197D5DA30011CF4D /* Products */ = {
			isa = PBXGroup;
			children = (
				14AEA01C197D5DA30011CF4D /* OONavCtrl.app */,
				14AEA03D197D5DA30011CF4D /* OONavCtrlTests.xctest */,
			);
			name = Products;
			sourceTree = "<group>";
		};
		14AEA01E197D5DA30011CF4D /* Frameworks */ = {
			isa = PBXGroup;
			children = (
				14AEA01F197D5DA30011CF4D /* Foundation.framework */,
				14AEA021197D5DA30011CF4D /* CoreGraphics.framework */,
				14AEA023197D5DA30011CF4D /* UIKit.framework */,
				14AEA03E197D5DA30011CF4D /* XCTest.framework */,
			);
			name = Frameworks;
			sourceTree = "<group>";
		};
		14AEA025197D5DA30011CF4D /* OONavCtrl */ = {
			isa = PBXGroup;
			children = (
				14AEA02E197D5DA30011CF4D /* OONCAppDelegate.h */,
				14AEA02F197D5DA30011CF4D /* OONCAppDelegate.m */,
				14AEA031197D5DA30011CF4D /* Main.storyboard */,
				14AEA034197D5DA30011CF4D /* OONCViewController.h */,
				14AEA035197D5DA30011CF4D /* OONCViewController.m */,
				14AEA037197D5DA30011CF4D /* Images.xcassets */,
				14AEA026197D5DA30011CF4D /* Supporting Files */,
			);
			path = OONavCtrl;
			sourceTree = "<group>";
		};
		14AEA026197D5DA30011CF4D /* Supporting Files */ = {
			isa = PBXGroup;
			children = (
				14AEA027197D5DA30011CF4D /* OONavCtrl-Info.plist */,
				14AEA028197D5DA30011CF4D /* InfoPlist.strings */,
				14AEA02B197D5DA30011CF4D /* main.m */,
				14AEA02D197D5DA30011CF4D /* OONavCtrl-Prefix.pch */,
			);
			name = "Supporting Files";
			sourceTree = "<group>";
		};
		14AEA044197D5DA30011CF4D /* OONavCtrlTests */ = {
			isa = PBXGroup;
			children = (
				14AEA04A197D5DA30011CF4D /* OONavCtrlTests.m */,
				14AEA045197D5DA30011CF4D /* Supporting Files */,
			);
			path = OONavCtrlTests;
			sourceTree = "<group>";
		};
		14AEA045197D5DA30011CF4D /* Supporting Files */ = {
			isa = PBXGroup;
			children = (
				14AEA046197D5DA30011CF4D /* OONavCtrlTests-Info.plist */,
				14AEA047197D5DA30011CF4D /* InfoPlist.strings */,
			);
			name = "Supporting Files";
			sourceTree = "<group>";
		};
/* End PBXGroup section */

/* Begin PBXNativeTarget section */
		14AEA01B197D5DA30011CF4D /* OONavCtrl */ = {
			isa = PBXNativeTarget;
			buildConfigurationList = 14AEA04E197D5DA30011CF4D /* Build configuration list for PBXNativeTarget "OONavCtrl" */;
			buildPhases = (
				14AEA018197D5DA30011CF4D /* Sources */,
				14AEA019197D5DA30011CF4D /* Frameworks */,
				14AEA01A197D5DA30011CF4D /* Resources */,
			);
			buildRules = (
			);
			dependencies = (
			);
			name = OONavCtrl;
			productName = OONavCtrl;
			productReference = 14AEA01C197D5DA30011CF4D /* OONavCtrl.app */;
			productType = "com.apple.product-type.application";
		};
		14AEA03C197D5DA30011CF4D /* OONavCtrlTests */ = {
			isa = PBXNativeTarget;
			buildConfigurationList = 14AEA051197D5DA30011CF4D /* Build configuration list for PBXNativeTarget "OONavCtrlTests" */;
			buildPhases = (
				14AEA039197D5DA30011CF4D /* Sources */,
				14AEA03A197D5DA30011CF4D /* Frameworks */,
				14AEA03B197D5DA30011CF4D /* Resources */,
			);
			buildRules = (
			);
			dependencies = (
				14AEA043197D5DA30011CF4D /* PBXTargetDependency */,
			);
			name = OONavCtrlTests;
			productName = OONavCtrlTests;
			productReference = 14AEA03D197D5DA30011CF4D /* OONavCtrlTests.xctest */;
			productType = "com.apple.product-type.bundle.unit-test";
		};
/* End PBXNativeTarget section */

/* Begin PBXProject section */
		14AEA014197D5DA30011CF4D /* Project object */ = {
			isa = PBXProject;
			attributes = {
				CLASSPREFIX = OONC;
				LastUpgradeCheck = 0510;
				ORGANIZATIONNAME = seanreed.test;
				TargetAttributes = {
					14AEA03C197D5DA30011CF4D = {
						TestTargetID = 14AEA01B197D5DA30011CF4D;
					};
				};
			};
			buildConfigurationList = 14AEA017197D5DA30011CF4D /* Build configuration list for PBXProject "OONavCtrl" */;
			compatibilityVersion = "Xcode 3.2";
			developmentRegion = English;
			hasScannedForEncodings = 0;
			knownRegions = (
				en,
				Base,
			);
			mainGroup = 14AEA013197D5DA30011CF4D;
			productRefGroup = 14AEA01D197D5DA30011CF4D /* Products */;
			projectDirPath = "";
			projectRoot = "";
			targets = (
				14AEA01B197D5DA30011CF4D /* OONavCtrl */,
				14AEA03C197D5DA30011CF4D /* OONavCtrlTests */,
			);
		};
/* End PBXProject section */

/* Begin PBXResourcesBuildPhase section */
		14AEA01A197D5DA30011CF4D /* Resources */ = {
			isa = PBXResourcesBuildPhase;
			buildActionMask = 2147483647;
			files = (
				14AEA038197D5DA30011CF4D /* Images.xcassets in Resources */,
				14AEA02A197D5DA30011CF4D /* InfoPlist.strings in Resources */,
				14AEA033197D5DA30011CF4D /* Main.storyboard in Resources */,
			);
			runOnlyForDeploymentPostprocessing = 0;
		};
		14AEA03B197D5DA30011CF4D /* Resources */ = {
			isa = PBXResourcesBuildPhase;
			buildActionMask = 2147483647;
			files = (
				14AEA049197D5DA30011CF4D /* InfoPlist.strings in Resources */,
			);
			runOnlyForDeploymentPostprocessing = 0;
		};
/* End PBXResourcesBuildPhase section */

/* Begin PBXSourcesBuildPhase section */
		14AEA018197D5DA30011CF4D /* Sources */ = {
			isa = PBXSourcesBuildPhase;
			buildActionMask = 2147483647;
			files = (
				14AEA02C197D5DA30011CF4D /* main.m in Sources */,
				14AEA036197D5DA30011CF4D /* OONCViewController.m in Sources */,
				14AEA056197D5E250011CF4D /* OONCCompany.m in Sources */,
				14AEA05C197D850D0011CF4D /* OONCDAO.m in Sources */,
				14AEA059197D5E460011CF4D /* OONCProduct.m in Sources */,
				14AEA030197D5DA30011CF4D /* OONCAppDelegate.m in Sources */,
			);
			runOnlyForDeploymentPostprocessing = 0;
		};
		14AEA039197D5DA30011CF4D /* Sources */ = {
			isa = PBXSourcesBuildPhase;
			buildActionMask = 2147483647;
			files = (
				14AEA04B197D5DA30011CF4D /* OONavCtrlTests.m in Sources */,
			);
			runOnlyForDeploymentPostprocessing = 0;
		};
/* End PBXSourcesBuildPhase section */

/* Begin PBXTargetDependency section */
		14AEA043197D5DA30011CF4D /* PBXTargetDependency */ = {
			isa = PBXTargetDependency;
			target = 14AEA01B197D5DA30011CF4D /* OONavCtrl */;
			targetProxy = 14AEA042197D5DA30011CF4D /* PBXContainerItemProxy */;
		};
/* End PBXTargetDependency section */

/* Begin PBXVariantGroup section */
		14AEA028197D5DA30011CF4D /* InfoPlist.strings */ = {
			isa = PBXVariantGroup;
			children = (
				14AEA029197D5DA30011CF4D /* en */,
			);
			name = InfoPlist.strings;
			sourceTree = "<group>";
		};
		14AEA031197D5DA30011CF4D /* Main.storyboard */ = {
			isa = PBXVariantGroup;
			children = (
				14AEA032197D5DA30011CF4D /* Base */,
			);
			name = Main.storyboard;
			sourceTree = "<group>";
		};
		14AEA047197D5DA30011CF4D /* InfoPlist.strings */ = {
			isa = PBXVariantGroup;
			children = (
				14AEA048197D5DA30011CF4D /* en */,
			);
			name = InfoPlist.strings;
			sourceTree = "<group>";
		};
/* End PBXVariantGroup section */

/* Begin XCBuildConfiguration section */
		14AEA04C197D5DA30011CF4D /* Debug */ = {
			isa = XCBuildConfiguration;
			buildSettings = {
				ALWAYS_SEARCH_USER_PATHS = NO;
				CLANG_CXX_LANGUAGE_STANDARD = "gnu++0x";
				CLANG_CXX_LIBRARY = "libc++";
				CLANG_ENABLE_MODULES = YES;
				CLANG_ENABLE_OBJC_ARC = YES;
				CLANG_WARN_BOOL_CONVERSION = YES;
				CLANG_WARN_CONSTANT_CONVERSION = YES;
				CLANG_WARN_DIRECT_OBJC_ISA_USAGE = YES_ERROR;
				CLANG_WARN_EMPTY_BODY = YES;
				CLANG_WARN_ENUM_CONVERSION = YES;
				CLANG_WARN_INT_CONVERSION = YES;
				CLANG_WARN_OBJC_ROOT_CLASS = YES_ERROR;
				CLANG_WARN__DUPLICATE_METHOD_MATCH = YES;
				"CODE_SIGN_IDENTITY[sdk=iphoneos*]" = "iPhone Developer";
				COPY_PHASE_STRIP = NO;
				GCC_C_LANGUAGE_STANDARD = gnu99;
				GCC_DYNAMIC_NO_PIC = NO;
				GCC_OPTIMIZATION_LEVEL = 0;
				GCC_PREPROCESSOR_DEFINITIONS = (
					"DEBUG=1",
					"$(inherited)",
				);
				GCC_SYMBOLS_PRIVATE_EXTERN = NO;
				GCC_WARN_64_TO_32_BIT_CONVERSION = YES;
				GCC_WARN_ABOUT_RETURN_TYPE = YES_ERROR;
				GCC_WARN_UNDECLARED_SELECTOR = YES;
				GCC_WARN_UNINITIALIZED_AUTOS = YES_AGGRESSIVE;
				GCC_WARN_UNUSED_FUNCTION = YES;
				GCC_WARN_UNUSED_VARIABLE = YES;
				IPHONEOS_DEPLOYMENT_TARGET = 7.1;
				ONLY_ACTIVE_ARCH = YES;
				SDKROOT = iphoneos;
			};
			name = Debug;
		};
		14AEA04D197D5DA30011CF4D /* Release */ = {
			isa = XCBuildConfiguration;
			buildSettings = {
				ALWAYS_SEARCH_USER_PATHS = NO;
				CLANG_CXX_LANGUAGE_STANDARD = "gnu++0x";
				CLANG_CXX_LIBRARY = "libc++";
				CLANG_ENABLE_MODULES = YES;
				CLANG_ENABLE_OBJC_ARC = YES;
				CLANG_WARN_BOOL_CONVERSION = YES;
				CLANG_WARN_CONSTANT_CONVERSION = YES;
				CLANG_WARN_DIRECT_OBJC_ISA_USAGE = YES_ERROR;
				CLANG_WARN_EMPTY_BODY = YES;
				CLANG_WARN_ENUM_CONVERSION = YES;
				CLANG_WARN_INT_CONVERSION = YES;
				CLANG_WARN_OBJC_ROOT_CLASS = YES_ERROR;
				CLANG_WARN__DUPLICATE_METHOD_MATCH = YES;
				"CODE_SIGN_IDENTITY[sdk=iphoneos*]" = "iPhone Developer";
				COPY_PHASE_STRIP = YES;
				ENABLE_NS_ASSERTIONS = NO;
				GCC_C_LANGUAGE_STANDARD = gnu99;
				GCC_WARN_64_TO_32_BIT_CONVERSION = YES;
				GCC_WARN_ABOUT_RETURN_TYPE = YES_ERROR;
				GCC_WARN_UNDECLARED_SELECTOR = YES;
				GCC_WARN_UNINITIALIZED_AUTOS = YES_AGGRESSIVE;
				GCC_WARN_UNUSED_FUNCTION = YES;
				GCC_WARN_UNUSED_VARIABLE = YES;
				IPHONEOS_DEPLOYMENT_TARGET = 7.1;
				SDKROOT = iphoneos;
				VALIDATE_PRODUCT = YES;
			};
			name = Release;
		};
		14AEA04F197D5DA30011CF4D /* Debug */ = {
			isa = XCBuildConfiguration;
			buildSettings = {
				ASSETCATALOG_COMPILER_APPICON_NAME = AppIcon;
				ASSETCATALOG_COMPILER_LAUNCHIMAGE_NAME = LaunchImage;
				GCC_PRECOMPILE_PREFIX_HEADER = YES;
				GCC_PREFIX_HEADER = "OONavCtrl/OONavCtrl-Prefix.pch";
				INFOPLIST_FILE = "OONavCtrl/OONavCtrl-Info.plist";
				PRODUCT_NAME = "$(TARGET_NAME)";
				WRAPPER_EXTENSION = app;
			};
			name = Debug;
		};
		14AEA050197D5DA30011CF4D /* Release */ = {
			isa = XCBuildConfiguration;
			buildSettings = {
				ASSETCATALOG_COMPILER_APPICON_NAME = AppIcon;
				ASSETCATALOG_COMPILER_LAUNCHIMAGE_NAME = LaunchImage;
				GCC_PRECOMPILE_PREFIX_HEADER = YES;
				GCC_PREFIX_HEADER = "OONavCtrl/OONavCtrl-Prefix.pch";
				INFOPLIST_FILE = "OONavCtrl/OONavCtrl-Info.plist";
				PRODUCT_NAME = "$(TARGET_NAME)";
				WRAPPER_EXTENSION = app;
			};
			name = Release;
		};
		14AEA052197D5DA30011CF4D /* Debug */ = {
			isa = XCBuildConfiguration;
			buildSettings = {
				BUNDLE_LOADER = "$(BUILT_PRODUCTS_DIR)/OONavCtrl.app/OONavCtrl";
				FRAMEWORK_SEARCH_PATHS = (
					"$(SDKROOT)/Developer/Library/Frameworks",
					"$(inherited)",
					"$(DEVELOPER_FRAMEWORKS_DIR)",
				);
				GCC_PRECOMPILE_PREFIX_HEADER = YES;
				GCC_PREFIX_HEADER = "OONavCtrl/OONavCtrl-Prefix.pch";
				GCC_PREPROCESSOR_DEFINITIONS = (
					"DEBUG=1",
					"$(inherited)",
				);
				INFOPLIST_FILE = "OONavCtrlTests/OONavCtrlTests-Info.plist";
				PRODUCT_NAME = "$(TARGET_NAME)";
				TEST_HOST = "$(BUNDLE_LOADER)";
				WRAPPER_EXTENSION = xctest;
			};
			name = Debug;
		};
		14AEA053197D5DA30011CF4D /* Release */ = {
			isa = XCBuildConfiguration;
			buildSettings = {
				BUNDLE_LOADER = "$(BUILT_PRODUCTS_DIR)/OONavCtrl.app/OONavCtrl";
				FRAMEWORK_SEARCH_PATHS = (
					"$(SDKROOT)/Developer/Library/Frameworks",
					"$(inherited)",
					"$(DEVELOPER_FRAMEWORKS_DIR)",
				);
				GCC_PRECOMPILE_PREFIX_HEADER = YES;
				GCC_PREFIX_HEADER = "OONavCtrl/OONavCtrl-Prefix.pch";
				INFOPLIST_FILE = "OONavCtrlTests/OONavCtrlTests-Info.plist";
				PRODUCT_NAME = "$(TARGET_NAME)";
				TEST_HOST = "$(BUNDLE_LOADER)";
				WRAPPER_EXTENSION = xctest;
			};
			name = Release;
		};
/* End XCBuildConfiguration section */

/* Begin XCConfigurationList section */
		14AEA017197D5DA30011CF4D /* Build configuration list for PBXProject "OONavCtrl" */ = {
			isa = XCConfigurationList;
			buildConfigurations = (
				14AEA04C197D5DA30011CF4D /* Debug */,
				14AEA04D197D5DA30011CF4D /* Release */,
			);
			defaultConfigurationIsVisible = 0;
			defaultConfigurationName = Release;
		};
		14AEA04E197D5DA30011CF4D /* Build configuration list for PBXNativeTarget "OONavCtrl" */ = {
			isa = XCConfigurationList;
			buildConfigurations = (
				14AEA04F197D5DA30011CF4D /* Debug */,
				14AEA050197D5DA30011CF4D /* Release */,
			);
			defaultConfigurationIsVisible = 0;
		};
		14AEA051197D5DA30011CF4D /* Build configuration list for PBXNativeTarget "OONavCtrlTests" */ = {
			isa = XCConfigurationList;
			buildConfigurations = (
				14AEA052197D5DA30011CF4D /* Debug */,
				14AEA053197D5DA30011CF4D /* Release */,
			);
			defaultConfigurationIsVisible = 0;
		};
/* End XCConfigurationList section */
	};
	rootObject = 14AEA014197D5DA30011CF4D /* Project object */;
}
