// !$*UTF8*$!
{
	archiveVersion = 1;
	classes = {
	};
	objectVersion = 46;
	objects = {

/* Begin PBXBuildFile section */
		14A5667A1980055A007D8D2F /* Foundation.framework in Frameworks */ = {isa = PBXBuildFile; fileRef = 14A566791980055A007D8D2F /* Foundation.framework */; };
		14A5667C1980055A007D8D2F /* CoreGraphics.framework in Frameworks */ = {isa = PBXBuildFile; fileRef = 14A5667B1980055A007D8D2F /* CoreGraphics.framework */; };
		14A5667E1980055A007D8D2F /* UIKit.framework in Frameworks */ = {isa = PBXBuildFile; fileRef = 14A5667D1980055A007D8D2F /* UIKit.framework */; };
		14A566841980055A007D8D2F /* InfoPlist.strings in Resources */ = {isa = PBXBuildFile; fileRef = 14A566821980055A007D8D2F /* InfoPlist.strings */; };
		14A566861980055A007D8D2F /* main.m in Sources */ = {isa = PBXBuildFile; fileRef = 14A566851980055A007D8D2F /* main.m */; };
		14A5668A1980055A007D8D2F /* OONCAppDelegate.m in Sources */ = {isa = PBXBuildFile; fileRef = 14A566891980055A007D8D2F /* OONCAppDelegate.m */; };
		14A5668C1980055A007D8D2F /* Images.xcassets in Resources */ = {isa = PBXBuildFile; fileRef = 14A5668B1980055A007D8D2F /* Images.xcassets */; };
		14A566931980055A007D8D2F /* XCTest.framework in Frameworks */ = {isa = PBXBuildFile; fileRef = 14A566921980055A007D8D2F /* XCTest.framework */; };
		14A566941980055A007D8D2F /* Foundation.framework in Frameworks */ = {isa = PBXBuildFile; fileRef = 14A566791980055A007D8D2F /* Foundation.framework */; };
		14A566951980055A007D8D2F /* UIKit.framework in Frameworks */ = {isa = PBXBuildFile; fileRef = 14A5667D1980055A007D8D2F /* UIKit.framework */; };
		14A5669D1980055A007D8D2F /* InfoPlist.strings in Resources */ = {isa = PBXBuildFile; fileRef = 14A5669B1980055A007D8D2F /* InfoPlist.strings */; };
		14A5669F1980055A007D8D2F /* selectorTestTests.m in Sources */ = {isa = PBXBuildFile; fileRef = 14A5669E1980055A007D8D2F /* selectorTestTests.m */; };
		14A566AA19800582007D8D2F /* OONCProduct.m in Sources */ = {isa = PBXBuildFile; fileRef = 14A566A919800582007D8D2F /* OONCProduct.m */; };
/* End PBXBuildFile section */

/* Begin PBXContainerItemProxy section */
		14A566961980055A007D8D2F /* PBXContainerItemProxy */ = {
			isa = PBXContainerItemProxy;
			containerPortal = 14A5666E1980055A007D8D2F /* Project object */;
			proxyType = 1;
			remoteGlobalIDString = 14A566751980055A007D8D2F;
			remoteInfo = selectorTest;
		};
/* End PBXContainerItemProxy section */

/* Begin PBXFileReference section */
		14A566761980055A007D8D2F /* selectorTest.app */ = {isa = PBXFileReference; explicitFileType = wrapper.application; includeInIndex = 0; path = selectorTest.app; sourceTree = BUILT_PRODUCTS_DIR; };
		14A566791980055A007D8D2F /* Foundation.framework */ = {isa = PBXFileReference; lastKnownFileType = wrapper.framework; name = Foundation.framework; path = System/Library/Frameworks/Foundation.framework; sourceTree = SDKROOT; };
		14A5667B1980055A007D8D2F /* CoreGraphics.framework */ = {isa = PBXFileReference; lastKnownFileType = wrapper.framework; name = CoreGraphics.framework; path = System/Library/Frameworks/CoreGraphics.framework; sourceTree = SDKROOT; };
		14A5667D1980055A007D8D2F /* UIKit.framework */ = {isa = PBXFileReference; lastKnownFileType = wrapper.framework; name = UIKit.framework; path = System/Library/Frameworks/UIKit.framework; sourceTree = SDKROOT; };
		14A566811980055A007D8D2F /* selectorTest-Info.plist */ = {isa = PBXFileReference; lastKnownFileType = text.plist.xml; path = "selectorTest-Info.plist"; sourceTree = "<group>"; };
		14A566831980055A007D8D2F /* en */ = {isa = PBXFileReference; lastKnownFileType = text.plist.strings; name = en; path = en.lproj/InfoPlist.strings; sourceTree = "<group>"; };
		14A566851980055A007D8D2F /* main.m */ = {isa = PBXFileReference; lastKnownFileType = sourcecode.c.objc; path = main.m; sourceTree = "<group>"; };
		14A566871980055A007D8D2F /* selectorTest-Prefix.pch */ = {isa = PBXFileReference; lastKnownFileType = sourcecode.c.h; path = "selectorTest-Prefix.pch"; sourceTree = "<group>"; };
		14A566881980055A007D8D2F /* OONCAppDelegate.h */ = {isa = PBXFileReference; lastKnownFileType = sourcecode.c.h; path = OONCAppDelegate.h; sourceTree = "<group>"; };
		14A566891980055A007D8D2F /* OONCAppDelegate.m */ = {isa = PBXFileReference; lastKnownFileType = sourcecode.c.objc; path = OONCAppDelegate.m; sourceTree = "<group>"; };
		14A5668B1980055A007D8D2F /* Images.xcassets */ = {isa = PBXFileReference; lastKnownFileType = folder.assetcatalog; path = Images.xcassets; sourceTree = "<group>"; };
		14A566911980055A007D8D2F /* selectorTestTests.xctest */ = {isa = PBXFileReference; explicitFileType = wrapper.cfbundle; includeInIndex = 0; path = selectorTestTests.xctest; sourceTree = BUILT_PRODUCTS_DIR; };
		14A566921980055A007D8D2F /* XCTest.framework */ = {isa = PBXFileReference; lastKnownFileType = wrapper.framework; name = XCTest.framework; path = Library/Frameworks/XCTest.framework; sourceTree = DEVELOPER_DIR; };
		14A5669A1980055A007D8D2F /* selectorTestTests-Info.plist */ = {isa = PBXFileReference; lastKnownFileType = text.plist.xml; path = "selectorTestTests-Info.plist"; sourceTree = "<group>"; };
		14A5669C1980055A007D8D2F /* en */ = {isa = PBXFileReference; lastKnownFileType = text.plist.strings; name = en; path = en.lproj/InfoPlist.strings; sourceTree = "<group>"; };
		14A5669E1980055A007D8D2F /* selectorTestTests.m */ = {isa = PBXFileReference; lastKnownFileType = sourcecode.c.objc; path = selectorTestTests.m; sourceTree = "<group>"; };
		14A566A819800582007D8D2F /* OONCProduct.h */ = {isa = PBXFileReference; fileEncoding = 4; lastKnownFileType = sourcecode.c.h; path = OONCProduct.h; sourceTree = "<group>"; };
		14A566A919800582007D8D2F /* OONCProduct.m */ = {isa = PBXFileReference; fileEncoding = 4; lastKnownFileType = sourcecode.c.objc; path = OONCProduct.m; sourceTree = "<group>"; };
/* End PBXFileReference section */

/* Begin PBXFrameworksBuildPhase section */
		14A566731980055A007D8D2F /* Frameworks */ = {
			isa = PBXFrameworksBuildPhase;
			buildActionMask = 2147483647;
			files = (
				14A5667C1980055A007D8D2F /* CoreGraphics.framework in Frameworks */,
				14A5667E1980055A007D8D2F /* UIKit.framework in Frameworks */,
				14A5667A1980055A007D8D2F /* Foundation.framework in Frameworks */,
			);
			runOnlyForDeploymentPostprocessing = 0;
		};
		14A5668E1980055A007D8D2F /* Frameworks */ = {
			isa = PBXFrameworksBuildPhase;
			buildActionMask = 2147483647;
			files = (
				14A566931980055A007D8D2F /* XCTest.framework in Frameworks */,
				14A566951980055A007D8D2F /* UIKit.framework in Frameworks */,
				14A566941980055A007D8D2F /* Foundation.framework in Frameworks */,
			);
			runOnlyForDeploymentPostprocessing = 0;
		};
/* End PBXFrameworksBuildPhase section */

/* Begin PBXGroup section */
		14A5666D1980055A007D8D2F = {
			isa = PBXGroup;
			children = (
				14A566A819800582007D8D2F /* OONCProduct.h */,
				14A566A919800582007D8D2F /* OONCProduct.m */,
				14A5667F1980055A007D8D2F /* selectorTest */,
				14A566981980055A007D8D2F /* selectorTestTests */,
				14A566781980055A007D8D2F /* Frameworks */,
				14A566771980055A007D8D2F /* Products */,
			);
			sourceTree = "<group>";
		};
		14A566771980055A007D8D2F /* Products */ = {
			isa = PBXGroup;
			children = (
				14A566761980055A007D8D2F /* selectorTest.app */,
				14A566911980055A007D8D2F /* selectorTestTests.xctest */,
			);
			name = Products;
			sourceTree = "<group>";
		};
		14A566781980055A007D8D2F /* Frameworks */ = {
			isa = PBXGroup;
			children = (
				14A566791980055A007D8D2F /* Foundation.framework */,
				14A5667B1980055A007D8D2F /* CoreGraphics.framework */,
				14A5667D1980055A007D8D2F /* UIKit.framework */,
				14A566921980055A007D8D2F /* XCTest.framework */,
			);
			name = Frameworks;
			sourceTree = "<group>";
		};
		14A5667F1980055A007D8D2F /* selectorTest */ = {
			isa = PBXGroup;
			children = (
				14A566881980055A007D8D2F /* OONCAppDelegate.h */,
				14A566891980055A007D8D2F /* OONCAppDelegate.m */,
				14A5668B1980055A007D8D2F /* Images.xcassets */,
				14A566801980055A007D8D2F /* Supporting Files */,
			);
			path = selectorTest;
			sourceTree = "<group>";
		};
		14A566801980055A007D8D2F /* Supporting Files */ = {
			isa = PBXGroup;
			children = (
				14A566811980055A007D8D2F /* selectorTest-Info.plist */,
				14A566821980055A007D8D2F /* InfoPlist.strings */,
				14A566851980055A007D8D2F /* main.m */,
				14A566871980055A007D8D2F /* selectorTest-Prefix.pch */,
			);
			name = "Supporting Files";
			sourceTree = "<group>";
		};
		14A566981980055A007D8D2F /* selectorTestTests */ = {
			isa = PBXGroup;
			children = (
				14A5669E1980055A007D8D2F /* selectorTestTests.m */,
				14A566991980055A007D8D2F /* Supporting Files */,
			);
			path = selectorTestTests;
			sourceTree = "<group>";
		};
		14A566991980055A007D8D2F /* Supporting Files */ = {
			isa = PBXGroup;
			children = (
				14A5669A1980055A007D8D2F /* selectorTestTests-Info.plist */,
				14A5669B1980055A007D8D2F /* InfoPlist.strings */,
			);
			name = "Supporting Files";
			sourceTree = "<group>";
		};
/* End PBXGroup section */

/* Begin PBXNativeTarget section */
		14A566751980055A007D8D2F /* selectorTest */ = {
			isa = PBXNativeTarget;
			buildConfigurationList = 14A566A21980055A007D8D2F /* Build configuration list for PBXNativeTarget "selectorTest" */;
			buildPhases = (
				14A566721980055A007D8D2F /* Sources */,
				14A566731980055A007D8D2F /* Frameworks */,
				14A566741980055A007D8D2F /* Resources */,
			);
			buildRules = (
			);
			dependencies = (
			);
			name = selectorTest;
			productName = selectorTest;
			productReference = 14A566761980055A007D8D2F /* selectorTest.app */;
			productType = "com.apple.product-type.application";
		};
		14A566901980055A007D8D2F /* selectorTestTests */ = {
			isa = PBXNativeTarget;
			buildConfigurationList = 14A566A51980055A007D8D2F /* Build configuration list for PBXNativeTarget "selectorTestTests" */;
			buildPhases = (
				14A5668D1980055A007D8D2F /* Sources */,
				14A5668E1980055A007D8D2F /* Frameworks */,
				14A5668F1980055A007D8D2F /* Resources */,
			);
			buildRules = (
			);
			dependencies = (
				14A566971980055A007D8D2F /* PBXTargetDependency */,
			);
			name = selectorTestTests;
			productName = selectorTestTests;
			productReference = 14A566911980055A007D8D2F /* selectorTestTests.xctest */;
			productType = "com.apple.product-type.bundle.unit-test";
		};
/* End PBXNativeTarget section */

/* Begin PBXProject section */
		14A5666E1980055A007D8D2F /* Project object */ = {
			isa = PBXProject;
			attributes = {
				CLASSPREFIX = OONC;
				LastUpgradeCheck = 0510;
				ORGANIZATIONNAME = seanreed.test;
				TargetAttributes = {
					14A566901980055A007D8D2F = {
						TestTargetID = 14A566751980055A007D8D2F;
					};
				};
			};
			buildConfigurationList = 14A566711980055A007D8D2F /* Build configuration list for PBXProject "selectorTest" */;
			compatibilityVersion = "Xcode 3.2";
			developmentRegion = English;
			hasScannedForEncodings = 0;
			knownRegions = (
				en,
			);
			mainGroup = 14A5666D1980055A007D8D2F;
			productRefGroup = 14A566771980055A007D8D2F /* Products */;
			projectDirPath = "";
			projectRoot = "";
			targets = (
				14A566751980055A007D8D2F /* selectorTest */,
				14A566901980055A007D8D2F /* selectorTestTests */,
			);
		};
/* End PBXProject section */

/* Begin PBXResourcesBuildPhase section */
		14A566741980055A007D8D2F /* Resources */ = {
			isa = PBXResourcesBuildPhase;
			buildActionMask = 2147483647;
			files = (
				14A566841980055A007D8D2F /* InfoPlist.strings in Resources */,
				14A5668C1980055A007D8D2F /* Images.xcassets in Resources */,
			);
			runOnlyForDeploymentPostprocessing = 0;
		};
		14A5668F1980055A007D8D2F /* Resources */ = {
			isa = PBXResourcesBuildPhase;
			buildActionMask = 2147483647;
			files = (
				14A5669D1980055A007D8D2F /* InfoPlist.strings in Resources */,
			);
			runOnlyForDeploymentPostprocessing = 0;
		};
/* End PBXResourcesBuildPhase section */

/* Begin PBXSourcesBuildPhase section */
		14A566721980055A007D8D2F /* Sources */ = {
			isa = PBXSourcesBuildPhase;
			buildActionMask = 2147483647;
			files = (
				14A566861980055A007D8D2F /* main.m in Sources */,
				14A5668A1980055A007D8D2F /* OONCAppDelegate.m in Sources */,
				14A566AA19800582007D8D2F /* OONCProduct.m in Sources */,
			);
			runOnlyForDeploymentPostprocessing = 0;
		};
		14A5668D1980055A007D8D2F /* Sources */ = {
			isa = PBXSourcesBuildPhase;
			buildActionMask = 2147483647;
			files = (
				14A5669F1980055A007D8D2F /* selectorTestTests.m in Sources */,
			);
			runOnlyForDeploymentPostprocessing = 0;
		};
/* End PBXSourcesBuildPhase section */

/* Begin PBXTargetDependency section */
		14A566971980055A007D8D2F /* PBXTargetDependency */ = {
			isa = PBXTargetDependency;
			target = 14A566751980055A007D8D2F /* selectorTest */;
			targetProxy = 14A566961980055A007D8D2F /* PBXContainerItemProxy */;
		};
/* End PBXTargetDependency section */

/* Begin PBXVariantGroup section */
		14A566821980055A007D8D2F /* InfoPlist.strings */ = {
			isa = PBXVariantGroup;
			children = (
				14A566831980055A007D8D2F /* en */,
			);
			name = InfoPlist.strings;
			sourceTree = "<group>";
		};
		14A5669B1980055A007D8D2F /* InfoPlist.strings */ = {
			isa = PBXVariantGroup;
			children = (
				14A5669C1980055A007D8D2F /* en */,
			);
			name = InfoPlist.strings;
			sourceTree = "<group>";
		};
/* End PBXVariantGroup section */

/* Begin XCBuildConfiguration section */
		14A566A01980055A007D8D2F /* Debug */ = {
			isa = XCBuildConfiguration;
			buildSettings = {
				ALWAYS_SEARCH_USER_PATHS = NO;
				CLANG_CXX_LANGUAGE_STANDARD = "gnu++0x";
				CLANG_CXX_LIBRARY = "libc++";
				CLANG_ENABLE_MODULES = YES;
				CLANG_ENABLE_OBJC_ARC = YES;
				CLANG_WARN_BOOL_CONVERSION = YES;
				CLANG_WARN_CONSTANT_CONVERSION = YES;
				CLANG_WARN_DIRECT_OBJC_ISA_USAGE = YES_ERROR;
				CLANG_WARN_EMPTY_BODY = YES;
				CLANG_WARN_ENUM_CONVERSION = YES;
				CLANG_WARN_INT_CONVERSION = YES;
				CLANG_WARN_OBJC_ROOT_CLASS = YES_ERROR;
				CLANG_WARN__DUPLICATE_METHOD_MATCH = YES;
				"CODE_SIGN_IDENTITY[sdk=iphoneos*]" = "iPhone Developer";
				COPY_PHASE_STRIP = NO;
				GCC_C_LANGUAGE_STANDARD = gnu99;
				GCC_DYNAMIC_NO_PIC = NO;
				GCC_OPTIMIZATION_LEVEL = 0;
				GCC_PREPROCESSOR_DEFINITIONS = (
					"DEBUG=1",
					"$(inherited)",
				);
				GCC_SYMBOLS_PRIVATE_EXTERN = NO;
				GCC_WARN_64_TO_32_BIT_CONVERSION = YES;
				GCC_WARN_ABOUT_RETURN_TYPE = YES_ERROR;
				GCC_WARN_UNDECLARED_SELECTOR = YES;
				GCC_WARN_UNINITIALIZED_AUTOS = YES_AGGRESSIVE;
				GCC_WARN_UNUSED_FUNCTION = YES;
				GCC_WARN_UNUSED_VARIABLE = YES;
				IPHONEOS_DEPLOYMENT_TARGET = 7.1;
				ONLY_ACTIVE_ARCH = YES;
				SDKROOT = iphoneos;
			};
			name = Debug;
		};
		14A566A11980055A007D8D2F /* Release */ = {
			isa = XCBuildConfiguration;
			buildSettings = {
				ALWAYS_SEARCH_USER_PATHS = NO;
				CLANG_CXX_LANGUAGE_STANDARD = "gnu++0x";
				CLANG_CXX_LIBRARY = "libc++";
				CLANG_ENABLE_MODULES = YES;
				CLANG_ENABLE_OBJC_ARC = YES;
				CLANG_WARN_BOOL_CONVERSION = YES;
				CLANG_WARN_CONSTANT_CONVERSION = YES;
				CLANG_WARN_DIRECT_OBJC_ISA_USAGE = YES_ERROR;
				CLANG_WARN_EMPTY_BODY = YES;
				CLANG_WARN_ENUM_CONVERSION = YES;
				CLANG_WARN_INT_CONVERSION = YES;
				CLANG_WARN_OBJC_ROOT_CLASS = YES_ERROR;
				CLANG_WARN__DUPLICATE_METHOD_MATCH = YES;
				"CODE_SIGN_IDENTITY[sdk=iphoneos*]" = "iPhone Developer";
				COPY_PHASE_STRIP = YES;
				ENABLE_NS_ASSERTIONS = NO;
				GCC_C_LANGUAGE_STANDARD = gnu99;
				GCC_WARN_64_TO_32_BIT_CONVERSION = YES;
				GCC_WARN_ABOUT_RETURN_TYPE = YES_ERROR;
				GCC_WARN_UNDECLARED_SELECTOR = YES;
				GCC_WARN_UNINITIALIZED_AUTOS = YES_AGGRESSIVE;
				GCC_WARN_UNUSED_FUNCTION = YES;
				GCC_WARN_UNUSED_VARIABLE = YES;
				IPHONEOS_DEPLOYMENT_TARGET = 7.1;
				SDKROOT = iphoneos;
				VALIDATE_PRODUCT = YES;
			};
			name = Release;
		};
		14A566A31980055A007D8D2F /* Debug */ = {
			isa = XCBuildConfiguration;
			buildSettings = {
				ASSETCATALOG_COMPILER_APPICON_NAME = AppIcon;
				ASSETCATALOG_COMPILER_LAUNCHIMAGE_NAME = LaunchImage;
				GCC_PRECOMPILE_PREFIX_HEADER = YES;
				GCC_PREFIX_HEADER = "selectorTest/selectorTest-Prefix.pch";
				INFOPLIST_FILE = "selectorTest/selectorTest-Info.plist";
				PRODUCT_NAME = "$(TARGET_NAME)";
				WRAPPER_EXTENSION = app;
			};
			name = Debug;
		};
		14A566A41980055A007D8D2F /* Release */ = {
			isa = XCBuildConfiguration;
			buildSettings = {
				ASSETCATALOG_COMPILER_APPICON_NAME = AppIcon;
				ASSETCATALOG_COMPILER_LAUNCHIMAGE_NAME = LaunchImage;
				GCC_PRECOMPILE_PREFIX_HEADER = YES;
				GCC_PREFIX_HEADER = "selectorTest/selectorTest-Prefix.pch";
				INFOPLIST_FILE = "selectorTest/selectorTest-Info.plist";
				PRODUCT_NAME = "$(TARGET_NAME)";
				WRAPPER_EXTENSION = app;
			};
			name = Release;
		};
		14A566A61980055A007D8D2F /* Debug */ = {
			isa = XCBuildConfiguration;
			buildSettings = {
				BUNDLE_LOADER = "$(BUILT_PRODUCTS_DIR)/selectorTest.app/selectorTest";
				FRAMEWORK_SEARCH_PATHS = (
					"$(SDKROOT)/Developer/Library/Frameworks",
					"$(inherited)",
					"$(DEVELOPER_FRAMEWORKS_DIR)",
				);
				GCC_PRECOMPILE_PREFIX_HEADER = YES;
				GCC_PREFIX_HEADER = "selectorTest/selectorTest-Prefix.pch";
				GCC_PREPROCESSOR_DEFINITIONS = (
					"DEBUG=1",
					"$(inherited)",
				);
				INFOPLIST_FILE = "selectorTestTests/selectorTestTests-Info.plist";
				PRODUCT_NAME = "$(TARGET_NAME)";
				TEST_HOST = "$(BUNDLE_LOADER)";
				WRAPPER_EXTENSION = xctest;
			};
			name = Debug;
		};
		14A566A71980055A007D8D2F /* Release */ = {
			isa = XCBuildConfiguration;
			buildSettings = {
				BUNDLE_LOADER = "$(BUILT_PRODUCTS_DIR)/selectorTest.app/selectorTest";
				FRAMEWORK_SEARCH_PATHS = (
					"$(SDKROOT)/Developer/Library/Frameworks",
					"$(inherited)",
					"$(DEVELOPER_FRAMEWORKS_DIR)",
				);
				GCC_PRECOMPILE_PREFIX_HEADER = YES;
				GCC_PREFIX_HEADER = "selectorTest/selectorTest-Prefix.pch";
				INFOPLIST_FILE = "selectorTestTests/selectorTestTests-Info.plist";
				PRODUCT_NAME = "$(TARGET_NAME)";
				TEST_HOST = "$(BUNDLE_LOADER)";
				WRAPPER_EXTENSION = xctest;
			};
			name = Release;
		};
/* End XCBuildConfiguration section */

/* Begin XCConfigurationList section */
		14A566711980055A007D8D2F /* Build configuration list for PBXProject "selectorTest" */ = {
			isa = XCConfigurationList;
			buildConfigurations = (
				14A566A01980055A007D8D2F /* Debug */,
				14A566A11980055A007D8D2F /* Release */,
			);
			defaultConfigurationIsVisible = 0;
			defaultConfigurationName = Release;
		};
		14A566A21980055A007D8D2F /* Build configuration list for PBXNativeTarget "selectorTest" */ = {
			isa = XCConfigurationList;
			buildConfigurations = (
				14A566A31980055A007D8D2F /* Debug */,
				14A566A41980055A007D8D2F /* Release */,
			);
			defaultConfigurationIsVisible = 0;
		};
		14A566A51980055A007D8D2F /* Build configuration list for PBXNativeTarget "selectorTestTests" */ = {
			isa = XCConfigurationList;
			buildConfigurations = (
				14A566A61980055A007D8D2F /* Debug */,
				14A566A71980055A007D8D2F /* Release */,
			);
			defaultConfigurationIsVisible = 0;
		};
/* End XCConfigurationList section */
	};
	rootObject = 14A5666E1980055A007D8D2F /* Project object */;
}
